
Microsoft Visual Studio Solution File, Format Version 12.00
# Visual Studio 15
VisualStudioVersion = 15.0.27428.1
MinimumVisualStudioVersion = 10.0.40219.1
Project("{9A19103F-16F7-4668-BE54-9A1E7A4F7556}") = "DotnetcoreAngularcliTemplate.Angular", "DotnetcoreAngularcliTemplate.Angular\DotnetcoreAngularcliTemplate.Angular.csproj", "{BEF575EA-573D-44D2-A8F2-5E8892D57D2D}"
EndProject
Global
	GlobalSection(SolutionConfigurationPlatforms) = preSolution
		Debug|Any CPU = Debug|Any CPU
		Release|Any CPU = Release|Any CPU
	EndGlobalSection
	GlobalSection(ProjectConfigurationPlatforms) = postSolution
		{BEF575EA-573D-44D2-A8F2-5E8892D57D2D}.Debug|Any CPU.ActiveCfg = Debug|Any CPU
		{BEF575EA-573D-44D2-A8F2-5E8892D57D2D}.Debug|Any CPU.Build.0 = Debug|Any CPU
		{BEF575EA-573D-44D2-A8F2-5E8892D57D2D}.Release|Any CPU.ActiveCfg = Release|Any CPU
		{BEF575EA-573D-44D2-A8F2-5E8892D57D2D}.Release|Any CPU.Build.0 = Release|Any CPU
	EndGlobalSection
	GlobalSection(SolutionProperties) = preSolution
		HideSolutionNode = FALSE
	EndGlobalSection
	GlobalSection(ExtensibilityGlobals) = postSolution
		SolutionGuid = {859FDB19-A4E1-4C30-B7D7-F5070A813473}
	EndGlobalSection
EndGlobal
